
Microsoft Visual Studio Solution File, Format Version 12.00
# Visual Studio 15
VisualStudioVersion = 15.0.28307.136
MinimumVisualStudioVersion = 10.0.40219.1
Project("{FAE04EC0-301F-11D3-BF4B-00C04F79EFBC}") = "OurToday.Android", "OurToday\OurToday.Android\OurToday.Android.csproj", "{0999F146-6E5D-48CD-BE48-84EE0D335930}"
EndProject
Project("{FAE04EC0-301F-11D3-BF4B-00C04F79EFBC}") = "OurToday.iOS", "OurToday\OurToday.iOS\OurToday.iOS.csproj", "{CD291EB3-A04C-4500-B0FB-E6EEB4B170A0}"
EndProject
Project("{FAE04EC0-301F-11D3-BF4B-00C04F79EFBC}") = "OurToday", "OurToday\OurToday\OurToday.csproj", "{406B3F89-AF44-4D97-8355-D23B74DAF5E0}"
EndProject
Global
	GlobalSection(SolutionConfigurationPlatforms) = preSolution
		Ad-Hoc|Any CPU = Ad-Hoc|Any CPU
		Ad-Hoc|iPhone = Ad-Hoc|iPhone
		Ad-Hoc|iPhoneSimulator = Ad-Hoc|iPhoneSimulator
		AppStore|Any CPU = AppStore|Any CPU
		AppStore|iPhone = AppStore|iPhone
		AppStore|iPhoneSimulator = AppStore|iPhoneSimulator
		Debug|Any CPU = Debug|Any CPU
		Debug|iPhone = Debug|iPhone
		Debug|iPhoneSimulator = Debug|iPhoneSimulator
		Release|Any CPU = Release|Any CPU
		Release|iPhone = Release|iPhone
		Release|iPhoneSimulator = Release|iPhoneSimulator
	EndGlobalSection
	GlobalSection(ProjectConfigurationPlatforms) = postSolution
		{0999F146-6E5D-48CD-BE48-84EE0D335930}.Ad-Hoc|Any CPU.ActiveCfg = Release|Any CPU
		{0999F146-6E5D-48CD-BE48-84EE0D335930}.Ad-Hoc|Any CPU.Build.0 = Release|Any CPU
		{0999F146-6E5D-48CD-BE48-84EE0D335930}.Ad-Hoc|Any CPU.Deploy.0 = Release|Any CPU
		{0999F146-6E5D-48CD-BE48-84EE0D335930}.Ad-Hoc|iPhone.ActiveCfg = Release|Any CPU
		{0999F146-6E5D-48CD-BE48-84EE0D335930}.Ad-Hoc|iPhone.Build.0 = Release|Any CPU
		{0999F146-6E5D-48CD-BE48-84EE0D335930}.Ad-Hoc|iPhone.Deploy.0 = Release|Any CPU
		{0999F146-6E5D-48CD-BE48-84EE0D335930}.Ad-Hoc|iPhoneSimulator.ActiveCfg = Release|Any CPU
		{0999F146-6E5D-48CD-BE48-84EE0D335930}.Ad-Hoc|iPhoneSimulator.Build.0 = Release|Any CPU
		{0999F146-6E5D-48CD-BE48-84EE0D335930}.Ad-Hoc|iPhoneSimulator.Deploy.0 = Release|Any CPU
		{0999F146-6E5D-48CD-BE48-84EE0D335930}.AppStore|Any CPU.ActiveCfg = Release|Any CPU
		{0999F146-6E5D-48CD-BE48-84EE0D335930}.AppStore|Any CPU.Build.0 = Release|Any CPU
		{0999F146-6E5D-48CD-BE48-84EE0D335930}.AppStore|Any CPU.Deploy.0 = Release|Any CPU
		{0999F146-6E5D-48CD-BE48-84EE0D335930}.AppStore|iPhone.ActiveCfg = Release|Any CPU
		{0999F146-6E5D-48CD-BE48-84EE0D335930}.AppStore|iPhone.Build.0 = Release|Any CPU
		{0999F146-6E5D-48CD-BE48-84EE0D335930}.AppStore|iPhone.Deploy.0 = Release|Any CPU
		{0999F146-6E5D-48CD-BE48-84EE0D335930}.AppStore|iPhoneSimulator.ActiveCfg = Release|Any CPU
		{0999F146-6E5D-48CD-BE48-84EE0D335930}.AppStore|iPhoneSimulator.Build.0 = Release|Any CPU
		{0999F146-6E5D-48CD-BE48-84EE0D335930}.AppStore|iPhoneSimulator.Deploy.0 = Release|Any CPU
		{0999F146-6E5D-48CD-BE48-84EE0D335930}.Debug|Any CPU.ActiveCfg = Debug|Any CPU
		{0999F146-6E5D-48CD-BE48-84EE0D335930}.Debug|Any CPU.Build.0 = Debug|Any CPU
		{0999F146-6E5D-48CD-BE48-84EE0D335930}.Debug|Any CPU.Deploy.0 = Debug|Any CPU
		{0999F146-6E5D-48CD-BE48-84EE0D335930}.Debug|iPhone.ActiveCfg = Debug|Any CPU
		{0999F146-6E5D-48CD-BE48-84EE0D335930}.Debug|iPhone.Build.0 = Debug|Any CPU
		{0999F146-6E5D-48CD-BE48-84EE0D335930}.Debug|iPhone.Deploy.0 = Debug|Any CPU
		{0999F146-6E5D-48CD-BE48-84EE0D335930}.Debug|iPhoneSimulator.ActiveCfg = Debug|Any CPU
		{0999F146-6E5D-48CD-BE48-84EE0D335930}.Debug|iPhoneSimulator.Build.0 = Debug|Any CPU
		{0999F146-6E5D-48CD-BE48-84EE0D335930}.Debug|iPhoneSimulator.Deploy.0 = Debug|Any CPU
		{0999F146-6E5D-48CD-BE48-84EE0D335930}.Release|Any CPU.ActiveCfg = Release|Any CPU
		{0999F146-6E5D-48CD-BE48-84EE0D335930}.Release|Any CPU.Build.0 = Release|Any CPU
		{0999F146-6E5D-48CD-BE48-84EE0D335930}.Release|Any CPU.Deploy.0 = Release|Any CPU
		{0999F146-6E5D-48CD-BE48-84EE0D335930}.Release|iPhone.ActiveCfg = Release|Any CPU
		{0999F146-6E5D-48CD-BE48-84EE0D335930}.Release|iPhone.Build.0 = Release|Any CPU
		{0999F146-6E5D-48CD-BE48-84EE0D335930}.Release|iPhone.Deploy.0 = Release|Any CPU
		{0999F146-6E5D-48CD-BE48-84EE0D335930}.Release|iPhoneSimulator.ActiveCfg = Release|Any CPU
		{0999F146-6E5D-48CD-BE48-84EE0D335930}.Release|iPhoneSimulator.Build.0 = Release|Any CPU
		{0999F146-6E5D-48CD-BE48-84EE0D335930}.Release|iPhoneSimulator.Deploy.0 = Release|Any CPU
		{CD291EB3-A04C-4500-B0FB-E6EEB4B170A0}.Ad-Hoc|Any CPU.ActiveCfg = Ad-Hoc|iPhone
		{CD291EB3-A04C-4500-B0FB-E6EEB4B170A0}.Ad-Hoc|Any CPU.Build.0 = Ad-Hoc|iPhone
		{CD291EB3-A04C-4500-B0FB-E6EEB4B170A0}.Ad-Hoc|Any CPU.Deploy.0 = Ad-Hoc|iPhone
		{CD291EB3-A04C-4500-B0FB-E6EEB4B170A0}.Ad-Hoc|iPhone.ActiveCfg = Ad-Hoc|iPhone
		{CD291EB3-A04C-4500-B0FB-E6EEB4B170A0}.Ad-Hoc|iPhone.Build.0 = Ad-Hoc|iPhone
		{CD291EB3-A04C-4500-B0FB-E6EEB4B170A0}.Ad-Hoc|iPhone.Deploy.0 = Ad-Hoc|iPhone
		{CD291EB3-A04C-4500-B0FB-E6EEB4B170A0}.Ad-Hoc|iPhoneSimulator.ActiveCfg = Ad-Hoc|iPhoneSimulator
		{CD291EB3-A04C-4500-B0FB-E6EEB4B170A0}.Ad-Hoc|iPhoneSimulator.Build.0 = Ad-Hoc|iPhoneSimulator
		{CD291EB3-A04C-4500-B0FB-E6EEB4B170A0}.Ad-Hoc|iPhoneSimulator.Deploy.0 = Ad-Hoc|iPhoneSimulator
		{CD291EB3-A04C-4500-B0FB-E6EEB4B170A0}.AppStore|Any CPU.ActiveCfg = AppStore|iPhone
		{CD291EB3-A04C-4500-B0FB-E6EEB4B170A0}.AppStore|Any CPU.Build.0 = AppStore|iPhone
		{CD291EB3-A04C-4500-B0FB-E6EEB4B170A0}.AppStore|Any CPU.Deploy.0 = AppStore|iPhone
		{CD291EB3-A04C-4500-B0FB-E6EEB4B170A0}.AppStore|iPhone.ActiveCfg = AppStore|iPhone
		{CD291EB3-A04C-4500-B0FB-E6EEB4B170A0}.AppStore|iPhone.Build.0 = AppStore|iPhone
		{CD291EB3-A04C-4500-B0FB-E6EEB4B170A0}.AppStore|iPhone.Deploy.0 = AppStore|iPhone
		{CD291EB3-A04C-4500-B0FB-E6EEB4B170A0}.AppStore|iPhoneSimulator.ActiveCfg = AppStore|iPhoneSimulator
		{CD291EB3-A04C-4500-B0FB-E6EEB4B170A0}.AppStore|iPhoneSimulator.Build.0 = AppStore|iPhoneSimulator
		{CD291EB3-A04C-4500-B0FB-E6EEB4B170A0}.AppStore|iPhoneSimulator.Deploy.0 = AppStore|iPhoneSimulator
		{CD291EB3-A04C-4500-B0FB-E6EEB4B170A0}.Debug|Any CPU.ActiveCfg = Debug|iPhoneSimulator
		{CD291EB3-A04C-4500-B0FB-E6EEB4B170A0}.Debug|Any CPU.Build.0 = Debug|iPhoneSimulator
		{CD291EB3-A04C-4500-B0FB-E6EEB4B170A0}.Debug|Any CPU.Deploy.0 = Debug|iPhoneSimulator
		{CD291EB3-A04C-4500-B0FB-E6EEB4B170A0}.Debug|iPhone.ActiveCfg = Debug|iPhone
		{CD291EB3-A04C-4500-B0FB-E6EEB4B170A0}.Debug|iPhone.Build.0 = Debug|iPhone
		{CD291EB3-A04C-4500-B0FB-E6EEB4B170A0}.Debug|iPhone.Deploy.0 = Debug|iPhone
		{CD291EB3-A04C-4500-B0FB-E6EEB4B170A0}.Debug|iPhoneSimulator.ActiveCfg = Debug|iPhoneSimulator
		{CD291EB3-A04C-4500-B0FB-E6EEB4B170A0}.Debug|iPhoneSimulator.Build.0 = Debug|iPhoneSimulator
		{CD291EB3-A04C-4500-B0FB-E6EEB4B170A0}.Debug|iPhoneSimulator.Deploy.0 = Debug|iPhoneSimulator
		{CD291EB3-A04C-4500-B0FB-E6EEB4B170A0}.Release|Any CPU.ActiveCfg = Release|iPhone
		{CD291EB3-A04C-4500-B0FB-E6EEB4B170A0}.Release|Any CPU.Build.0 = Release|iPhone
		{CD291EB3-A04C-4500-B0FB-E6EEB4B170A0}.Release|Any CPU.Deploy.0 = Release|iPhone
		{CD291EB3-A04C-4500-B0FB-E6EEB4B170A0}.Release|iPhone.ActiveCfg = Release|iPhone
		{CD291EB3-A04C-4500-B0FB-E6EEB4B170A0}.Release|iPhone.Build.0 = Release|iPhone
		{CD291EB3-A04C-4500-B0FB-E6EEB4B170A0}.Release|iPhone.Deploy.0 = Release|iPhone
		{CD291EB3-A04C-4500-B0FB-E6EEB4B170A0}.Release|iPhoneSimulator.ActiveCfg = Release|iPhoneSimulator
		{CD291EB3-A04C-4500-B0FB-E6EEB4B170A0}.Release|iPhoneSimulator.Build.0 = Release|iPhoneSimulator
		{CD291EB3-A04C-4500-B0FB-E6EEB4B170A0}.Release|iPhoneSimulator.Deploy.0 = Release|iPhoneSimulator
		{406B3F89-AF44-4D97-8355-D23B74DAF5E0}.Ad-Hoc|Any CPU.ActiveCfg = Debug|Any CPU
		{406B3F89-AF44-4D97-8355-D23B74DAF5E0}.Ad-Hoc|Any CPU.Build.0 = Debug|Any CPU
		{406B3F89-AF44-4D97-8355-D23B74DAF5E0}.Ad-Hoc|Any CPU.Deploy.0 = Debug|Any CPU
		{406B3F89-AF44-4D97-8355-D23B74DAF5E0}.Ad-Hoc|iPhone.ActiveCfg = Debug|Any CPU
		{406B3F89-AF44-4D97-8355-D23B74DAF5E0}.Ad-Hoc|iPhone.Build.0 = Debug|Any CPU
		{406B3F89-AF44-4D97-8355-D23B74DAF5E0}.Ad-Hoc|iPhone.Deploy.0 = Debug|Any CPU
		{406B3F89-AF44-4D97-8355-D23B74DAF5E0}.Ad-Hoc|iPhoneSimulator.ActiveCfg = Debug|Any CPU
		{406B3F89-AF44-4D97-8355-D23B74DAF5E0}.Ad-Hoc|iPhoneSimulator.Build.0 = Debug|Any CPU
		{406B3F89-AF44-4D97-8355-D23B74DAF5E0}.Ad-Hoc|iPhoneSimulator.Deploy.0 = Debug|Any CPU
		{406B3F89-AF44-4D97-8355-D23B74DAF5E0}.AppStore|Any CPU.ActiveCfg = Debug|Any CPU
		{406B3F89-AF44-4D97-8355-D23B74DAF5E0}.AppStore|Any CPU.Build.0 = Debug|Any CPU
		{406B3F89-AF44-4D97-8355-D23B74DAF5E0}.AppStore|Any CPU.Deploy.0 = Debug|Any CPU
		{406B3F89-AF44-4D97-8355-D23B74DAF5E0}.AppStore|iPhone.ActiveCfg = Debug|Any CPU
		{406B3F89-AF44-4D97-8355-D23B74DAF5E0}.AppStore|iPhone.Build.0 = Debug|Any CPU
		{406B3F89-AF44-4D97-8355-D23B74DAF5E0}.AppStore|iPhone.Deploy.0 = Debug|Any CPU
		{406B3F89-AF44-4D97-8355-D23B74DAF5E0}.AppStore|iPhoneSimulator.ActiveCfg = Debug|Any CPU
		{406B3F89-AF44-4D97-8355-D23B74DAF5E0}.AppStore|iPhoneSimulator.Build.0 = Debug|Any CPU
		{406B3F89-AF44-4D97-8355-D23B74DAF5E0}.AppStore|iPhoneSimulator.Deploy.0 = Debug|Any CPU
		{406B3F89-AF44-4D97-8355-D23B74DAF5E0}.Debug|Any CPU.ActiveCfg = Debug|Any CPU
		{406B3F89-AF44-4D97-8355-D23B74DAF5E0}.Debug|Any CPU.Build.0 = Debug|Any CPU
		{406B3F89-AF44-4D97-8355-D23B74DAF5E0}.Debug|Any CPU.Deploy.0 = Debug|Any CPU
		{406B3F89-AF44-4D97-8355-D23B74DAF5E0}.Debug|iPhone.ActiveCfg = Debug|Any CPU
		{406B3F89-AF44-4D97-8355-D23B74DAF5E0}.Debug|iPhone.Build.0 = Debug|Any CPU
		{406B3F89-AF44-4D97-8355-D23B74DAF5E0}.Debug|iPhone.Deploy.0 = Debug|Any CPU
		{406B3F89-AF44-4D97-8355-D23B74DAF5E0}.Debug|iPhoneSimulator.ActiveCfg = Debug|Any CPU
		{406B3F89-AF44-4D97-8355-D23B74DAF5E0}.Debug|iPhoneSimulator.Build.0 = Debug|Any CPU
		{406B3F89-AF44-4D97-8355-D23B74DAF5E0}.Debug|iPhoneSimulator.Deploy.0 = Debug|Any CPU
		{406B3F89-AF44-4D97-8355-D23B74DAF5E0}.Release|Any CPU.ActiveCfg = Release|Any CPU
		{406B3F89-AF44-4D97-8355-D23B74DAF5E0}.Release|Any CPU.Build.0 = Release|Any CPU
		{406B3F89-AF44-4D97-8355-D23B74DAF5E0}.Release|Any CPU.Deploy.0 = Release|Any CPU
		{406B3F89-AF44-4D97-8355-D23B74DAF5E0}.Release|iPhone.ActiveCfg = Release|Any CPU
		{406B3F89-AF44-4D97-8355-D23B74DAF5E0}.Release|iPhone.Build.0 = Release|Any CPU
		{406B3F89-AF44-4D97-8355-D23B74DAF5E0}.Release|iPhone.Deploy.0 = Release|Any CPU
		{406B3F89-AF44-4D97-8355-D23B74DAF5E0}.Release|iPhoneSimulator.ActiveCfg = Release|Any CPU
		{406B3F89-AF44-4D97-8355-D23B74DAF5E0}.Release|iPhoneSimulator.Build.0 = Release|Any CPU
		{406B3F89-AF44-4D97-8355-D23B74DAF5E0}.Release|iPhoneSimulator.Deploy.0 = Release|Any CPU
	EndGlobalSection
	GlobalSection(SolutionProperties) = preSolution
		HideSolutionNode = FALSE
	EndGlobalSection
	GlobalSection(ExtensibilityGlobals) = postSolution
		SolutionGuid = {061B17FE-1930-4A1C-A4F6-9581B1BF1CCD}
	EndGlobalSection
EndGlobal
